Microsoft Visual Studio Solution File, Format Version 12.00
# Visual Studio Version 16
VisualStudioVersion = 16.0.0.0
MinimumVisualStudioVersion = 16.0.0.0
Project("{9A19103F-16F7-4668-BE54-9A1E7A4F7556}") = "blazingchat.Server", "Server\blazingchat.Server.csproj", "{36757ECD-001E-459C-AB08-CC38BF474B93}"
EndProject
Project("{9A19103F-16F7-4668-BE54-9A1E7A4F7556}") = "blazingchat.Client", "Client\blazingchat.Client.csproj", "{1F5A2FE9-2E8F-42D3-B372-16DEB8A58E80}"
EndProject
Project("{9A19103F-16F7-4668-BE54-9A1E7A4F7556}") = "blazingchat.Shared", "Shared\blazingchat.Shared.csproj", "{3B11C4F7-55E5-423E-B777-00E36DA9D533}"
EndProject
Global
	GlobalSection(SolutionConfigurationPlatforms) = preSolution
		Debug|Any CPU = Debug|Any CPU
		Debug|x64 = Debug|x64
		Debug|x86 = Debug|x86
		Release|Any CPU = Release|Any CPU
		Release|x64 = Release|x64
		Release|x86 = Release|x86
	EndGlobalSection
	GlobalSection(ProjectConfigurationPlatforms) = postSolution
		{1F5A2FE9-2E8F-42D3-B372-16DEB8A58E80}.Debug|Any CPU.ActiveCfg = Debug|Any CPU
		{1F5A2FE9-2E8F-42D3-B372-16DEB8A58E80}.Debug|Any CPU.Build.0 = Debug|Any CPU
		{1F5A2FE9-2E8F-42D3-B372-16DEB8A58E80}.Debug|x64.ActiveCfg = Debug|Any CPU
		{1F5A2FE9-2E8F-42D3-B372-16DEB8A58E80}.Debug|x64.Build.0 = Debug|Any CPU
		{1F5A2FE9-2E8F-42D3-B372-16DEB8A58E80}.Debug|x86.ActiveCfg = Debug|Any CPU
		{1F5A2FE9-2E8F-42D3-B372-16DEB8A58E80}.Debug|x86.Build.0 = Debug|Any CPU
		{1F5A2FE9-2E8F-42D3-B372-16DEB8A58E80}.Release|Any CPU.ActiveCfg = Release|Any CPU
		{1F5A2FE9-2E8F-42D3-B372-16DEB8A58E80}.Release|Any CPU.Build.0 = Release|Any CPU
		{1F5A2FE9-2E8F-42D3-B372-16DEB8A58E80}.Release|x64.ActiveCfg = Release|Any CPU
		{1F5A2FE9-2E8F-42D3-B372-16DEB8A58E80}.Release|x64.Build.0 = Release|Any CPU
		{1F5A2FE9-2E8F-42D3-B372-16DEB8A58E80}.Release|x86.ActiveCfg = Release|Any CPU
		{1F5A2FE9-2E8F-42D3-B372-16DEB8A58E80}.Release|x86.Build.0 = Release|Any CPU
		{36757ECD-001E-459C-AB08-CC38BF474B93}.Debug|Any CPU.ActiveCfg = Debug|Any CPU
		{36757ECD-001E-459C-AB08-CC38BF474B93}.Debug|Any CPU.Build.0 = Debug|Any CPU
		{36757ECD-001E-459C-AB08-CC38BF474B93}.Debug|x64.ActiveCfg = Debug|Any CPU
		{36757ECD-001E-459C-AB08-CC38BF474B93}.Debug|x64.Build.0 = Debug|Any CPU
		{36757ECD-001E-459C-AB08-CC38BF474B93}.Debug|x86.ActiveCfg = Debug|Any CPU
		{36757ECD-001E-459C-AB08-CC38BF474B93}.Debug|x86.Build.0 = Debug|Any CPU
		{36757ECD-001E-459C-AB08-CC38BF474B93}.Release|Any CPU.ActiveCfg = Release|Any CPU
		{36757ECD-001E-459C-AB08-CC38BF474B93}.Release|Any CPU.Build.0 = Release|Any CPU
		{36757ECD-001E-459C-AB08-CC38BF474B93}.Release|x64.ActiveCfg = Release|Any CPU
		{36757ECD-001E-459C-AB08-CC38BF474B93}.Release|x64.Build.0 = Release|Any CPU
		{36757ECD-001E-459C-AB08-CC38BF474B93}.Release|x86.ActiveCfg = Release|Any CPU
		{36757ECD-001E-459C-AB08-CC38BF474B93}.Release|x86.Build.0 = Release|Any CPU
		{3B11C4F7-55E5-423E-B777-00E36DA9D533}.Debug|Any CPU.ActiveCfg = Debug|Any CPU
		{3B11C4F7-55E5-423E-B777-00E36DA9D533}.Debug|Any CPU.Build.0 = Debug|Any CPU
		{3B11C4F7-55E5-423E-B777-00E36DA9D533}.Debug|x64.ActiveCfg = Debug|Any CPU
		{3B11C4F7-55E5-423E-B777-00E36DA9D533}.Debug|x64.Build.0 = Debug|Any CPU
		{3B11C4F7-55E5-423E-B777-00E36DA9D533}.Debug|x86.ActiveCfg = Debug|Any CPU
		{3B11C4F7-55E5-423E-B777-00E36DA9D533}.Debug|x86.Build.0 = Debug|Any CPU
		{3B11C4F7-55E5-423E-B777-00E36DA9D533}.Release|Any CPU.ActiveCfg = Release|Any CPU
		{3B11C4F7-55E5-423E-B777-00E36DA9D533}.Release|Any CPU.Build.0 = Release|Any CPU
		{3B11C4F7-55E5-423E-B777-00E36DA9D533}.Release|x64.ActiveCfg = Release|Any CPU
		{3B11C4F7-55E5-423E-B777-00E36DA9D533}.Release|x64.Build.0 = Release|Any CPU
		{3B11C4F7-55E5-423E-B777-00E36DA9D533}.Release|x86.ActiveCfg = Release|Any CPU
		{3B11C4F7-55E5-423E-B777-00E36DA9D533}.Release|x86.Build.0 = Release|Any CPU
	EndGlobalSection
	GlobalSection(SolutionProperties) = preSolution
		HideSolutionNode = FALSE
	EndGlobalSection
	GlobalSection(ExtensibilityGlobals) = postSolution
		SolutionGuid = {20BFFB07-DE93-4659-A975-70F57859DE5C}
	EndGlobalSection
EndGlobal